
Microsoft Visual Studio Solution File, Format Version 12.00
# Visual Studio Version 16
VisualStudioVersion = 16.0.808.4
MinimumVisualStudioVersion = 10.0.40219.1
Project("{FAE04EC0-301F-11D3-BF4B-00C04F79EFBC}") = "todo-api", "todo-api.csproj", "{801EE418-12DD-4341-B5E1-9CE26530A49F}"
EndProject
Global
	GlobalSection(SolutionConfigurationPlatforms) = preSolution
		Debug|Any CPU = Debug|Any CPU
		Release|Any CPU = Release|Any CPU
	EndGlobalSection
	GlobalSection(ProjectConfigurationPlatforms) = postSolution
		{801EE418-12DD-4341-B5E1-9CE26530A49F}.Debug|Any CPU.ActiveCfg = Debug|Any CPU
		{801EE418-12DD-4341-B5E1-9CE26530A49F}.Debug|Any CPU.Build.0 = Debug|Any CPU
		{801EE418-12DD-4341-B5E1-9CE26530A49F}.Release|Any CPU.ActiveCfg = Release|Any CPU
		{801EE418-12DD-4341-B5E1-9CE26530A49F}.Release|Any CPU.Build.0 = Release|Any CPU
	EndGlobalSection
	GlobalSection(SolutionProperties) = preSolution
		HideSolutionNode = FALSE
	EndGlobalSection
	GlobalSection(ExtensibilityGlobals) = postSolution
		SolutionGuid = {E8DFB5BB-BA93-46D4-8CA0-3264220FBFCB}
	EndGlobalSection
EndGlobal
